<?xml version="1.0" encoding="utf-8"?>
<Project ToolsVersion="4.0" xmlns="http://schemas.microsoft.com/developer/msbuild/2003">
  <ItemGroup>
    <Filter Include="Source Files">
      <UniqueIdentifier>{4FC737F1-C7A5-4376-A066-2A32D752A2FF}</UniqueIdentifier>
      <Extensions>cpp;c;cc;cxx;def;odl;idl;hpj;bat;asm;asmx</Extensions>
    </Filter>
    <Filter Include="Header Files">
      <UniqueIdentifier>{93995380-89BD-4b04-88EB-625FBE52EBFB}</UniqueIdentifier>
      <Extensions>h;hh;hpp;hxx;hm;inl;inc;xsd</Extensions>
    </Filter>
    <Filter Include="Resource Files">
      <UniqueIdentifier>{67DA6AB6-F800-4c08-8B7A-83BB121AAD01}</UniqueIdentifier>
      <Extensions>rc;ico;cur;bmp;dlg;rc2;rct;bin;rgs;gif;jpg;jpeg;jpe;resx;tiff;tif;png;wav;mfcribbon-ms</Extensions>
    </Filter>
    <Filter Include="LUA">
      <UniqueIdentifier>{0627b9ac-7cda-426c-a504-b6667d594a43}</UniqueIdentifier>
    </Filter>
  </ItemGroup>
  <ItemGroup>
    <ClInclude Include="TerrahSocket.h">
      <Filter>Header Files</Filter>
    </ClInclude>
    <ClInclude Include="resource.h">
      <Filter>Header Files</Filter>
    </ClInclude>
    <ClInclude Include="TerrahConsole.h">
      <Filter>Header Files</Filter>
    </ClInclude>
    <ClInclude Include="luaconf.h">
      <Filter>LUA</Filter>
    </ClInclude>
    <ClInclude Include="lualib.h">
      <Filter>LUA</Filter>
    </ClInclude>
    <ClInclude Include="lauxlib.h">
      <Filter>LUA</Filter>
    </ClInclude>
    <ClInclude Include="lua.h">
      <Filter>LUA</Filter>
    </ClInclude>
    <ClInclude Include="lua.hpp">
      <Filter>LUA</Filter>
    </ClInclude>
    <ClInclude Include="IniFile.h">
      <Filter>Header Files</Filter>
    </ClInclude>
    <ClInclude Include="KitsuneSwagConsole.h">
      <Filter>Header Files</Filter>
    </ClInclude>
    <ClInclude Include="MultiSocket.h">
      <Filter>Header Files</Filter>
    </ClInclude>
    <ClInclude Include="TerrahStack.h">
      <Filter>Header Files</Filter>
    </ClInclude>
  </ItemGroup>
  <ItemGroup>
    <ClCompile Include="TerrahSocket.cpp">
      <Filter>Source Files</Filter>
    </ClCompile>
    <ClCompile Include="Main.cpp">
      <Filter>Source Files</Filter>
    </ClCompile>
    <ClCompile Include="TerrahConsole.cpp">
      <Filter>Source Files</Filter>
    </ClCompile>
    <ClCompile Include="IniFile.cpp">
      <Filter>Source Files</Filter>
    </ClCompile>
    <ClCompile Include="KitsuneSwagConsole.cpp">
      <Filter>Source Files</Filter>
    </ClCompile>
    <ClCompile Include="KSCWinProcs.cpp">
      <Filter>Source Files</Filter>
    </ClCompile>
    <ClCompile Include="KSCLuaLib.cpp">
      <Filter>Source Files</Filter>
    </ClCompile>
    <ClCompile Include="MultiSocket.cpp">
      <Filter>Source Files</Filter>
    </ClCompile>
  </ItemGroup>
  <ItemGroup>
    <ResourceCompile Include="Resource.rc">
      <Filter>Resource Files</Filter>
    </ResourceCompile>
  </ItemGroup>
  <ItemGroup>
    <Image Include="icon1.ico">
      <Filter>Resource Files</Filter>
    </Image>
  </ItemGroup>
  <ItemGroup>
    <None Include="Test.lua">
      <Filter>LUA</Filter>
    </None>
  </ItemGroup>
</Project>